
Microsoft Visual Studio Solution File, Format Version 12.00
# Visual Studio Version 17
VisualStudioVersion = 17.14.36518.9
MinimumVisualStudioVersion = 10.0.40219.1
Project("{8BC9CEB8-8B4A-11D0-8D11-00A0C91BC942}") = "Engine", "Engine\Engine.vcxproj", "{32F4D96C-A5E2-4902-A0CE-699241600C6A}"
EndProject
Global
	GlobalSection(SolutionConfigurationPlatforms) = preSolution
		Debug|x64 = Debug|x64
		Release|x64 = Release|x64
	EndGlobalSection
	GlobalSection(ProjectConfigurationPlatforms) = postSolution
		{32F4D96C-A5E2-4902-A0CE-699241600C6A}.Debug|x64.ActiveCfg = Debug|x64
		{32F4D96C-A5E2-4902-A0CE-699241600C6A}.Debug|x64.Build.0 = Debug|x64
		{32F4D96C-A5E2-4902-A0CE-699241600C6A}.Release|x64.ActiveCfg = Release|x64
		{32F4D96C-A5E2-4902-A0CE-699241600C6A}.Release|x64.Build.0 = Release|x64
	EndGlobalSection
	GlobalSection(SolutionProperties) = preSolution
		HideSolutionNode = FALSE
	EndGlobalSection
	GlobalSection(ExtensibilityGlobals) = postSolution
		SolutionGuid = {B2857BED-B0BE-4034-9281-FEAC9F51574F}
	EndGlobalSection
EndGlobal
