<?xml version="1.0" encoding="utf-8"?>
<Project ToolsVersion="4.0" xmlns="http://schemas.microsoft.com/developer/msbuild/2003">
  <ItemGroup>
    <Filter Include="Source Files">
      <UniqueIdentifier>{4FC737F1-C7A5-4376-A066-2A32D752A2FF}</UniqueIdentifier>
      <Extensions>cpp;c;cc;cxx;c++;cppm;ixx;def;odl;idl;hpj;bat;asm;asmx</Extensions>
    </Filter>
    <Filter Include="Header Files">
      <UniqueIdentifier>{93995380-89BD-4B04-88EB-625FBE52EBFB}</UniqueIdentifier>
      <Extensions>h;hh;hpp;hxx;h++;hm;inl;inc;ipp;xsd</Extensions>
    </Filter>
    <Filter Include="Resource Files">
      <UniqueIdentifier>{67DA6AB6-F800-4C08-8B7A-83BB121AAD01}</UniqueIdentifier>
      <Extensions>rc;ico;cur;bmp;dlg;rc2;rct;bin;rgs;gif;jpg;jpeg;jpe;resx;tiff;tif;png;wav;mfcribbon-ms</Extensions>
    </Filter>
    <Filter Include="Common">
      <UniqueIdentifier>{5883AA6D-38B6-4451-9020-59FF04B6D651}</UniqueIdentifier>
    </Filter>
    <Filter Include="Source Files\App">
      <UniqueIdentifier>{36C3085C-35EF-4761-816D-E6FB0FA65AF0}</UniqueIdentifier>
    </Filter>
    <Filter Include="Header Files\App">
      <UniqueIdentifier>{8B75A6C8-5960-4A99-94E6-82A40EAB01B3}</UniqueIdentifier>
    </Filter>
    <Filter Include="Header Files\Core">
      <UniqueIdentifier>{5E323931-6084-43AC-9489-36EF0A78DA21}</UniqueIdentifier>
    </Filter>
    <Filter Include="Source Files\Core">
      <UniqueIdentifier>{29E1F5EB-33F1-4879-A1ED-125C487E44AE}</UniqueIdentifier>
    </Filter>
    <Filter Include="Source Files\Physics">
      <UniqueIdentifier>{911D8168-592D-406C-9D26-92045B7A0B23}</UniqueIdentifier>
    </Filter>
    <Filter Include="Source Files\Physics\System">
      <UniqueIdentifier>{AA565C12-2828-469F-BFA9-727D1BE8192E}</UniqueIdentifier>
    </Filter>
    <Filter Include="Source Files\Physics\Components">
      <UniqueIdentifier>{6B56C303-CA02-4CBD-B9E7-59F106C10374}</UniqueIdentifier>
    </Filter>
    <Filter Include="Header Files\Physics">
      <UniqueIdentifier>{633508CE-EB0A-442D-97CD-E4647732A6E5}</UniqueIdentifier>
    </Filter>
    <Filter Include="Header Files\Physics\Components">
      <UniqueIdentifier>{A5C8AA79-8B29-422D-A1C6-795066874707}</UniqueIdentifier>
    </Filter>
    <Filter Include="Header Files\Physics\Systems">
      <UniqueIdentifier>{840A63DD-7B76-4DDA-BB17-E62ED41D0724}</UniqueIdentifier>
    </Filter>
    <Filter Include="Header Files\Physics\Threading">
      <UniqueIdentifier>{60224F6C-9A93-41E1-BB13-0426C1F76F93}</UniqueIdentifier>
    </Filter>
    <Filter Include="Source Files\Renderer">
      <UniqueIdentifier>{5EBA1DA2-9A2D-4BFC-B0D4-2A0845E602C3}</UniqueIdentifier>
    </Filter>
    <Filter Include="Source Files\Renderer\Components">
      <UniqueIdentifier>{E7E63D71-B545-497F-BB2E-994B775A52BE}</UniqueIdentifier>
    </Filter>
    <Filter Include="Source Files\Renderer\Shaders">
      <UniqueIdentifier>{3798D0D2-CC9F-4DF2-BE64-3CF29FA47E7E}</UniqueIdentifier>
    </Filter>
    <Filter Include="Source Files\Renderer\Systems">
      <UniqueIdentifier>{7ABC3C58-BC38-41DE-96BA-5DEF55E55D0A}</UniqueIdentifier>
    </Filter>
    <Filter Include="Header Files\Renderer">
      <UniqueIdentifier>{FAC2E5CE-27B9-4335-A59B-8A556763D643}</UniqueIdentifier>
    </Filter>
    <Filter Include="Header Files\Renderer\Components">
      <UniqueIdentifier>{6805375C-F267-4620-9DDB-D7D2A7576BD9}</UniqueIdentifier>
    </Filter>
    <Filter Include="Header Files\Renderer\Systems">
      <UniqueIdentifier>{7C736398-BBB6-4D22-8E74-C957B17B3189}</UniqueIdentifier>
    </Filter>
    <Filter Include="Header Files\Renderer\Threading">
      <UniqueIdentifier>{37A40FC3-8334-47A0-8A7F-5543D38E6E02}</UniqueIdentifier>
    </Filter>
    <Filter Include="Header Files\Threading">
      <UniqueIdentifier>{33A84EB4-C033-4EC9-AC7C-A7B14074989E}</UniqueIdentifier>
    </Filter>
    <Filter Include="Source Files\Threading">
      <UniqueIdentifier>{F0A7D983-2E8A-424D-8B4C-31D5C7B984D0}</UniqueIdentifier>
    </Filter>
    <Filter Include="Source Files\Physics\Threading">
      <UniqueIdentifier>{56A3B82C-E3DC-42B1-A34C-8F4B8D2FD345}</UniqueIdentifier>
    </Filter>
    <Filter Include="Source Files\Renderer\Threading">
      <UniqueIdentifier>{F6A00519-1E35-4661-B354-E9116F8E97C0}</UniqueIdentifier>
    </Filter>
  </ItemGroup>
  <ItemGroup>
    <ClInclude Include="..\Common\Camera.h">
      <Filter>Common</Filter>
    </ClInclude>
    <ClInclude Include="..\Common\d3dApp.h">
      <Filter>Common</Filter>
    </ClInclude>
    <ClInclude Include="..\Common\d3dUtil.h">
      <Filter>Common</Filter>
    </ClInclude>
    <ClInclude Include="..\Common\d3dx12.h">
      <Filter>Common</Filter>
    </ClInclude>
    <ClInclude Include="..\Common\DDSTextureLoader.h">
      <Filter>Common</Filter>
    </ClInclude>
    <ClInclude Include="..\Common\GameTimer.h">
      <Filter>Common</Filter>
    </ClInclude>
    <ClInclude Include="..\Common\GeometryGenerator.h">
      <Filter>Common</Filter>
    </ClInclude>
    <ClInclude Include="..\Common\MathHelper.h">
      <Filter>Common</Filter>
    </ClInclude>
    <ClInclude Include="..\Common\UploadBuffer.h">
      <Filter>Common</Filter>
    </ClInclude>
    <ClInclude Include="..\Common\WICTextureLoader.h">
      <Filter>Common</Filter>
    </ClInclude>
    <ClInclude Include="App\EntityInspector.h">
      <Filter>Header Files\App</Filter>
    </ClInclude>
    <ClInclude Include="App\GameEngine.h">
      <Filter>Header Files\App</Filter>
    </ClInclude>
    <ClInclude Include="Core\Entity.h">
      <Filter>Header Files\Core</Filter>
    </ClInclude>
    <ClInclude Include="Core\EngineTypes.h">
      <Filter>Header Files\Core</Filter>
    </ClInclude>
    <ClInclude Include="Core\FBXLoader.h">
      <Filter>Header Files\Core</Filter>
    </ClInclude>
    <ClInclude Include="Core\IComponent.h">
      <Filter>Header Files\Core</Filter>
    </ClInclude>
    <ClInclude Include="Core\ISystem.h">
      <Filter>Header Files\Core</Filter>
    </ClInclude>
    <ClInclude Include="Core\ModelInstantiation.h">
      <Filter>Header Files\Core</Filter>
    </ClInclude>
    <ClInclude Include="Core\ResourceManager.h">
      <Filter>Header Files\Core</Filter>
    </ClInclude>
    <ClInclude Include="Core\TextureManager.h">
      <Filter>Header Files</Filter>
    </ClInclude>
    <ClInclude Include="Core\InputManager.h">
      <Filter>Header Files</Filter>
    </ClInclude>
    <ClInclude Include="Inference\WinMLStyleTransferSystem.h" />
    <ClInclude Include="Physics\Components\ColliderComponent.h">
      <Filter>Header Files\Physics\Components</Filter>
    </ClInclude>
    <ClInclude Include="Physics\Components\RigidbodyComponent.h">
      <Filter>Header Files\Physics\Components</Filter>
    </ClInclude>
    <ClInclude Include="Physics\Components\SoftBodyComponent.h">
      <Filter>Header Files\Physics\Components</Filter>
    </ClInclude>
    <ClInclude Include="Physics\PhysicsScheduler.h">
      <Filter>Header Files\Physics\Threading</Filter>
    </ClInclude>
    <ClInclude Include="Physics\PhysicsSnapshot.h">
      <Filter>Header Files\Physics\Threading</Filter>
    </ClInclude>
    <ClInclude Include="Physics\PhysicsSubstepController.h">
      <Filter>Header Files\Physics\Threading</Filter>
    </ClInclude>
    <ClInclude Include="Physics\PhysicsThreadContext.h">
      <Filter>Header Files\Physics\Threading</Filter>
    </ClInclude>
    <ClInclude Include="Physics\PhysicsWorld.h">
      <Filter>Header Files\Physics</Filter>
    </ClInclude>
    <ClInclude Include="Physics\Systems\CollisionSystem.h">
      <Filter>Header Files\Physics\Systems</Filter>
    </ClInclude>
    <ClInclude Include="Physics\Systems\DynamicsSystem.h">
      <Filter>Header Files\Physics\Systems</Filter>
    </ClInclude>
    <ClInclude Include="Renderer\Components\CameraComponent.h">
      <Filter>Header Files</Filter>
    </ClInclude>
    <ClInclude Include="Renderer\Components\MaterialComponent.h">
      <Filter>Header Files\Renderer\Components</Filter>
    </ClInclude>
    <ClInclude Include="Renderer\Components\MeshComponent.h">
      <Filter>Header Files\Renderer\Components</Filter>
    </ClInclude>
    <ClInclude Include="Renderer\Components\SkeletalAnimationComponent.h">
      <Filter>Header Files</Filter>
    </ClInclude>
    <ClInclude Include="Renderer\Components\SkeletonComponent.h">
      <Filter>Header Files</Filter>
    </ClInclude>
    <ClInclude Include="Renderer\Components\SkyComponent.h">
      <Filter>Header Files\Renderer\Components</Filter>
    </ClInclude>
    <ClInclude Include="Renderer\Components\TransformAnimationComponent.h">
      <Filter>Header Files</Filter>
    </ClInclude>
    <ClInclude Include="Renderer\Components\TransformComponent.h">
      <Filter>Header Files\Renderer\Components</Filter>
    </ClInclude>
    <ClInclude Include="Renderer\Model.h">
      <Filter>Header Files\Renderer</Filter>
    </ClInclude>
    <ClInclude Include="Renderer\RendererCore.h">
      <Filter>Header Files\Renderer</Filter>
    </ClInclude>
    <ClInclude Include="Renderer\CameraState.h">
      <Filter>Header Files\Renderer\Threading</Filter>
    </ClInclude>
    <ClInclude Include="Renderer\D3D12RenderContext.h">
      <Filter>Header Files\Renderer</Filter>
    </ClInclude>
    <ClInclude Include="Renderer\FrameResource.h">
      <Filter>Header Files\Renderer</Filter>
    </ClInclude>
    <ClInclude Include="Renderer\RenderCommand.h">
      <Filter>Header Files\Renderer\Threading</Filter>
    </ClInclude>
    <ClInclude Include="Renderer\RenderCommandQueue.h">
      <Filter>Header Files\Renderer\Threading</Filter>
    </ClInclude>
    <ClInclude Include="Renderer\RenderSnapshot.h">
      <Filter>Header Files\Renderer\Threading</Filter>
    </ClInclude>
    <ClInclude Include="Renderer\RenderSnapshotBuilder.h">
      <Filter>Header Files\Renderer\Threading</Filter>
    </ClInclude>
    <ClInclude Include="Renderer\RenderThreadContext.h">
      <Filter>Header Files\Renderer\Threading</Filter>
    </ClInclude>
    <ClInclude Include="Renderer\TransformInterpolator.h">
      <Filter>Header Files\Renderer\Threading</Filter>
    </ClInclude>
    <ClInclude Include="Renderer\Systems\AnimationSystem.h">
      <Filter>Header Files</Filter>
    </ClInclude>
    <ClInclude Include="Renderer\Systems\CameraSystem.h">
      <Filter>Header Files</Filter>
    </ClInclude>
    <ClInclude Include="Renderer\Systems\EnvironmentManager.h">
      <Filter>Header Files\Renderer\Systems</Filter>
    </ClInclude>
    <ClInclude Include="Renderer\Systems\RenderConstants.h">
      <Filter>Header Files\Renderer\Systems</Filter>
    </ClInclude>
    <ClInclude Include="Renderer\Systems\RenderSystem.h">
      <Filter>Header Files\Renderer\Systems</Filter>
    </ClInclude>
    <ClInclude Include="Renderer\Systems\SkyRenderer.h">
      <Filter>Header Files\Renderer\Systems</Filter>
    </ClInclude>
    <ClInclude Include="Renderer\Systems\DirectSRUpscaler.h">
      <Filter>Header Files\Renderer\Systems</Filter>
    </ClInclude>
    <ClInclude Include="Threading\FixedTimeStep.h">
      <Filter>Header Files\Threading</Filter>
    </ClInclude>
    <ClInclude Include="Threading\GameThreadContext.h">
      <Filter>Header Files\Threading</Filter>
    </ClInclude>
    <ClInclude Include="Threading\SnapshotBuffer.h">
      <Filter>Header Files\Threading</Filter>
    </ClInclude>
    <ClInclude Include="Threading\ThreadManager.h">
      <Filter>Header Files\Threading</Filter>
    </ClInclude>
  </ItemGroup>
  <ItemGroup>
    <ClCompile Include="..\Common\Camera.cpp">
      <Filter>Common</Filter>
    </ClCompile>
    <ClCompile Include="..\Common\d3dApp.cpp">
      <Filter>Common</Filter>
    </ClCompile>
    <ClCompile Include="..\Common\d3dUtil.cpp">
      <Filter>Common</Filter>
    </ClCompile>
    <ClCompile Include="..\Common\DDSTextureLoader.cpp">
      <Filter>Common</Filter>
    </ClCompile>
    <ClCompile Include="..\Common\GameTimer.cpp">
      <Filter>Common</Filter>
    </ClCompile>
    <ClCompile Include="..\Common\GeometryGenerator.cpp">
      <Filter>Common</Filter>
    </ClCompile>
    <ClCompile Include="..\Common\MathHelper.cpp">
      <Filter>Common</Filter>
    </ClCompile>
    <ClCompile Include="..\Common\WICTextureLoader.cpp">
      <Filter>Common</Filter>
    </ClCompile>
    <ClCompile Include="App\EntityInspector.cpp">
      <Filter>Source Files\App</Filter>
    </ClCompile>
    <ClCompile Include="App\GameEngine.cpp">
      <Filter>Source Files\App</Filter>
    </ClCompile>
    <ClCompile Include="App\MainApp.cpp">
      <Filter>Source Files\App</Filter>
    </ClCompile>
    <ClCompile Include="DirectXAgilityExports.cpp">
      <Filter>Source Files</Filter>
    </ClCompile>
    <ClCompile Include="Core\FBXLoader.cpp">
      <Filter>Source Files\Core</Filter>
    </ClCompile>
    <ClCompile Include="Core\ModelInstantiation.cpp">
      <Filter>Source Files\Core</Filter>
    </ClCompile>
    <ClCompile Include="Core\TextureManager.cpp">
      <Filter>Source Files</Filter>
    </ClCompile>
    <ClCompile Include="Core\InputManager.cpp">
      <Filter>Source Files</Filter>
    </ClCompile>
    <ClCompile Include="Inference\WinMLStyleTransferSystem.cpp" />
    <ClCompile Include="Physics\PhysicsScheduler.cpp">
      <Filter>Source Files\Physics\Threading</Filter>
    </ClCompile>
    <ClCompile Include="Physics\PhysicsSnapshot.cpp">
      <Filter>Source Files\Physics\Threading</Filter>
    </ClCompile>
    <ClCompile Include="Physics\PhysicsSubstepController.cpp">
      <Filter>Source Files\Physics\Threading</Filter>
    </ClCompile>
    <ClCompile Include="Physics\PhysicsThreadContext.cpp">
      <Filter>Source Files\Physics\Threading</Filter>
    </ClCompile>
    <ClCompile Include="Physics\PhysicsWorld.cpp">
      <Filter>Source Files\Physics</Filter>
    </ClCompile>
    <ClCompile Include="Physics\Systems\CollisionSystem.cpp">
      <Filter>Source Files\Physics\System</Filter>
    </ClCompile>
    <ClCompile Include="Physics\Systems\DynamicsSystem.cpp">
      <Filter>Source Files\Physics\System</Filter>
    </ClCompile>
    <ClCompile Include="Renderer\Components\MeshComponent.cpp">
      <Filter>Source Files\Renderer\Components</Filter>
    </ClCompile>
    <ClCompile Include="Renderer\RendererCore.cpp">
      <Filter>Source Files\Renderer</Filter>
    </ClCompile>
    <ClCompile Include="Renderer\CameraState.cpp">
      <Filter>Source Files\Renderer\Threading</Filter>
    </ClCompile>
    <ClCompile Include="Renderer\RenderCommandQueue.cpp">
      <Filter>Source Files\Renderer\Threading</Filter>
    </ClCompile>
    <ClCompile Include="Renderer\RenderSnapshot.cpp">
      <Filter>Source Files\Renderer\Threading</Filter>
    </ClCompile>
    <ClCompile Include="Renderer\RenderSnapshotBuilder.cpp">
      <Filter>Source Files\Renderer\Threading</Filter>
    </ClCompile>
    <ClCompile Include="Renderer\RenderThreadContext.cpp">
      <Filter>Source Files\Renderer\Threading</Filter>
    </ClCompile>
    <ClCompile Include="Renderer\Systems\AnimationSystem.cpp">
      <Filter>Source Files</Filter>
    </ClCompile>
    <ClCompile Include="Renderer\Systems\CameraSystem.cpp">
      <Filter>Source Files</Filter>
    </ClCompile>
    <ClCompile Include="Renderer\Systems\EnvironmentManager.cpp">
      <Filter>Source Files\Renderer\Systems</Filter>
    </ClCompile>
    <ClCompile Include="Renderer\Systems\RenderSystem.cpp">
      <Filter>Source Files\Renderer\Systems</Filter>
    </ClCompile>
    <ClCompile Include="Renderer\Systems\SkyRenderer.cpp">
      <Filter>Source Files\Renderer\Systems</Filter>
    </ClCompile>
    <ClCompile Include="Renderer\Systems\DirectSRUpscaler.cpp">
      <Filter>Source Files\Renderer\Systems</Filter>
    </ClCompile>
    <ClCompile Include="Renderer\TransformInterpolator.cpp">
      <Filter>Source Files\Renderer\Threading</Filter>
    </ClCompile>
    <ClCompile Include="Threading\FixedTimeStep.cpp">
      <Filter>Source Files\Threading</Filter>
    </ClCompile>
    <ClCompile Include="Threading\GameThreadContext.cpp">
      <Filter>Source Files\Threading</Filter>
    </ClCompile>
    <ClCompile Include="Threading\SnapshotBuffer.cpp">
      <Filter>Source Files\Threading</Filter>
    </ClCompile>
    <ClCompile Include="Threading\ThreadManager.cpp">
      <Filter>Source Files\Threading</Filter>
    </ClCompile>
  </ItemGroup>
  <ItemGroup>
    <Text Include="Models\car.txt" />
    <Text Include="Models\skull.txt" />
  </ItemGroup>
  <ItemGroup>
    <None Include="Renderer\Shaders\default.hlsl">
      <Filter>Source Files\Renderer\Shaders</Filter>
    </None>
    <None Include="Renderer\Shaders\GBuffer.hlsl">
      <Filter>Source Files\Renderer\Shaders</Filter>
    </None>
    <None Include="Renderer\Shaders\Lighting.hlsl">
      <Filter>Source Files\Renderer\Shaders</Filter>
    </None>
    <None Include="Renderer\Shaders\LightingUtil.hlsl">
      <Filter>Source Files\Renderer\Shaders</Filter>
    </None>
    <None Include="Renderer\Shaders\ShadowMap.hlsl">
      <Filter>Source Files\Renderer\Shaders</Filter>
    </None>
    <None Include="Renderer\Shaders\SSGI.hlsl">
      <Filter>Source Files\Renderer\Shaders</Filter>
    </None>
    <None Include="Renderer\Shaders\SSGIDenoise.hlsl">
      <Filter>Source Files\Renderer\Shaders</Filter>
    </None>
    <None Include="Renderer\Shaders\BackgroundResolve.hlsl">
      <Filter>Source Files\Renderer\Shaders</Filter>
    </None>
    <None Include="Renderer\Shaders\Skybox.hlsl">
      <Filter>Source Files\Renderer\Shaders</Filter>
    </None>
    <None Include="Renderer\Shaders\StyleTransferTensor.hlsl" />
  </ItemGroup>
</Project>
